// !$*UTF8*$!
{
	archiveVersion = 1;
	classes = {
	};
	objectVersion = 45;
	objects = {

/* Begin PBXBuildFile section */
		1D3623260D0F684500981E51 /* Dots_or_NotAppDelegate.m in Sources */ = {isa = PBXBuildFile; fileRef = 1D3623250D0F684500981E51 /* Dots_or_NotAppDelegate.m */; };
		1D60589B0D05DD56006BFB54 /* main.m in Sources */ = {isa = PBXBuildFile; fileRef = 29B97316FDCFA39411CA2CEA /* main.m */; };
		1D60589F0D05DD5A006BFB54 /* Foundation.framework in Frameworks */ = {isa = PBXBuildFile; fileRef = 1D30AB110D05D00D00671497 /* Foundation.framework */; };
		1DF5F4E00D08C38300B7A737 /* UIKit.framework in Frameworks */ = {isa = PBXBuildFile; fileRef = 1DF5F4DF0D08C38300B7A737 /* UIKit.framework */; };
		288765A50DF7441C002DB57D /* CoreGraphics.framework in Frameworks */ = {isa = PBXBuildFile; fileRef = 288765A40DF7441C002DB57D /* CoreGraphics.framework */; };
		2899E5220DE3E06400AC0155 /* Dots_or_NotViewController.xib in Resources */ = {isa = PBXBuildFile; fileRef = 2899E5210DE3E06400AC0155 /* Dots_or_NotViewController.xib */; };
		28AD733F0D9D9553002E5188 /* MainWindow.xib in Resources */ = {isa = PBXBuildFile; fileRef = 28AD733E0D9D9553002E5188 /* MainWindow.xib */; };
		28D7ACF80DDB3853001CB0EB /* Dots_or_NotViewController.m in Sources */ = {isa = PBXBuildFile; fileRef = 28D7ACF70DDB3853001CB0EB /* Dots_or_NotViewController.m */; };
		CF8B97CD11EA59FB0028634B /* Icon.png in Resources */ = {isa = PBXBuildFile; fileRef = CF8B97CC11EA59FB0028634B /* Icon.png */; };
		CFB0D1DB11EA470F00FB0352 /* dot1.png in Resources */ = {isa = PBXBuildFile; fileRef = CFB0D1B711EA470F00FB0352 /* dot1.png */; };
		CFB0D1DC11EA470F00FB0352 /* dot2.png in Resources */ = {isa = PBXBuildFile; fileRef = CFB0D1B811EA470F00FB0352 /* dot2.png */; };
		CFB0D1DD11EA470F00FB0352 /* dot3.png in Resources */ = {isa = PBXBuildFile; fileRef = CFB0D1B911EA470F00FB0352 /* dot3.png */; };
		CFB0D1DE11EA470F00FB0352 /* dot4.png in Resources */ = {isa = PBXBuildFile; fileRef = CFB0D1BA11EA470F00FB0352 /* dot4.png */; };
		CFB0D1DF11EA470F00FB0352 /* dot5.png in Resources */ = {isa = PBXBuildFile; fileRef = CFB0D1BB11EA470F00FB0352 /* dot5.png */; };
		CFB0D1E011EA470F00FB0352 /* dot6.png in Resources */ = {isa = PBXBuildFile; fileRef = CFB0D1BC11EA470F00FB0352 /* dot6.png */; };
		CFB0D1E111EA470F00FB0352 /* dot7.png in Resources */ = {isa = PBXBuildFile; fileRef = CFB0D1BD11EA470F00FB0352 /* dot7.png */; };
		CFB0D1E211EA470F00FB0352 /* dot8.png in Resources */ = {isa = PBXBuildFile; fileRef = CFB0D1BE11EA470F00FB0352 /* dot8.png */; };
		CFB0D1E311EA470F00FB0352 /* dot9.png in Resources */ = {isa = PBXBuildFile; fileRef = CFB0D1BF11EA470F00FB0352 /* dot9.png */; };
		CFB0D1E411EA470F00FB0352 /* dot10.png in Resources */ = {isa = PBXBuildFile; fileRef = CFB0D1C011EA470F00FB0352 /* dot10.png */; };
		CFB0D1E511EA470F00FB0352 /* dot11.png in Resources */ = {isa = PBXBuildFile; fileRef = CFB0D1C111EA470F00FB0352 /* dot11.png */; };
		CFB0D1E611EA470F00FB0352 /* dot12.png in Resources */ = {isa = PBXBuildFile; fileRef = CFB0D1C211EA470F00FB0352 /* dot12.png */; };
		CFB0D1E711EA470F00FB0352 /* dotD1.png in Resources */ = {isa = PBXBuildFile; fileRef = CFB0D1C311EA470F00FB0352 /* dotD1.png */; };
		CFB0D1E811EA470F00FB0352 /* dotD2.png in Resources */ = {isa = PBXBuildFile; fileRef = CFB0D1C411EA470F00FB0352 /* dotD2.png */; };
		CFB0D1E911EA470F00FB0352 /* dotD3.png in Resources */ = {isa = PBXBuildFile; fileRef = CFB0D1C511EA470F00FB0352 /* dotD3.png */; };
		CFB0D1EA11EA470F00FB0352 /* dotD4.png in Resources */ = {isa = PBXBuildFile; fileRef = CFB0D1C611EA470F00FB0352 /* dotD4.png */; };
		CFB0D1EB11EA470F00FB0352 /* dotD5.png in Resources */ = {isa = PBXBuildFile; fileRef = CFB0D1C711EA470F00FB0352 /* dotD5.png */; };
		CFB0D1EC11EA470F00FB0352 /* dotD6.png in Resources */ = {isa = PBXBuildFile; fileRef = CFB0D1C811EA470F00FB0352 /* dotD6.png */; };
		CFB0D1ED11EA470F00FB0352 /* dotD7.png in Resources */ = {isa = PBXBuildFile; fileRef = CFB0D1C911EA470F00FB0352 /* dotD7.png */; };
		CFB0D1EE11EA470F00FB0352 /* dotD8.png in Resources */ = {isa = PBXBuildFile; fileRef = CFB0D1CA11EA470F00FB0352 /* dotD8.png */; };
		CFB0D1EF11EA470F00FB0352 /* dotD9.png in Resources */ = {isa = PBXBuildFile; fileRef = CFB0D1CB11EA470F00FB0352 /* dotD9.png */; };
		CFB0D1F011EA470F00FB0352 /* dotD10.png in Resources */ = {isa = PBXBuildFile; fileRef = CFB0D1CC11EA470F00FB0352 /* dotD10.png */; };
		CFB0D1F111EA470F00FB0352 /* dotD11.png in Resources */ = {isa = PBXBuildFile; fileRef = CFB0D1CD11EA470F00FB0352 /* dotD11.png */; };
		CFB0D1F211EA470F00FB0352 /* dotD12.png in Resources */ = {isa = PBXBuildFile; fileRef = CFB0D1CE11EA470F00FB0352 /* dotD12.png */; };
		CFB0D1F311EA470F00FB0352 /* dotL1.png in Resources */ = {isa = PBXBuildFile; fileRef = CFB0D1CF11EA470F00FB0352 /* dotL1.png */; };
		CFB0D1F411EA470F00FB0352 /* dotL2.png in Resources */ = {isa = PBXBuildFile; fileRef = CFB0D1D011EA470F00FB0352 /* dotL2.png */; };
		CFB0D1F511EA470F00FB0352 /* dotL3.png in Resources */ = {isa = PBXBuildFile; fileRef = CFB0D1D111EA470F00FB0352 /* dotL3.png */; };
		CFB0D1F611EA470F00FB0352 /* dotL4.png in Resources */ = {isa = PBXBuildFile; fileRef = CFB0D1D211EA470F00FB0352 /* dotL4.png */; };
		CFB0D1F711EA470F00FB0352 /* dotL5.png in Resources */ = {isa = PBXBuildFile; fileRef = CFB0D1D311EA470F00FB0352 /* dotL5.png */; };
		CFB0D1F811EA470F00FB0352 /* dotL6.png in Resources */ = {isa = PBXBuildFile; fileRef = CFB0D1D411EA470F00FB0352 /* dotL6.png */; };
		CFB0D1F911EA470F00FB0352 /* dotL7.png in Resources */ = {isa = PBXBuildFile; fileRef = CFB0D1D511EA470F00FB0352 /* dotL7.png */; };
		CFB0D1FA11EA470F00FB0352 /* dotL8.png in Resources */ = {isa = PBXBuildFile; fileRef = CFB0D1D611EA470F00FB0352 /* dotL8.png */; };
		CFB0D1FB11EA470F00FB0352 /* dotL9.png in Resources */ = {isa = PBXBuildFile; fileRef = CFB0D1D711EA470F00FB0352 /* dotL9.png */; };
		CFB0D1FC11EA470F00FB0352 /* dotL10.png in Resources */ = {isa = PBXBuildFile; fileRef = CFB0D1D811EA470F00FB0352 /* dotL10.png */; };
		CFB0D1FD11EA470F00FB0352 /* dotL11.png in Resources */ = {isa = PBXBuildFile; fileRef = CFB0D1D911EA470F00FB0352 /* dotL11.png */; };
		CFB0D1FE11EA470F00FB0352 /* dotL12.png in Resources */ = {isa = PBXBuildFile; fileRef = CFB0D1DA11EA470F00FB0352 /* dotL12.png */; };
/* End PBXBuildFile section */

/* Begin PBXFileReference section */
		1D30AB110D05D00D00671497 /* Foundation.framework */ = {isa = PBXFileReference; lastKnownFileType = wrapper.framework; name = Foundation.framework; path = System/Library/Frameworks/Foundation.framework; sourceTree = SDKROOT; };
		1D3623240D0F684500981E51 /* Dots_or_NotAppDelegate.h */ = {isa = PBXFileReference; fileEncoding = 4; lastKnownFileType = sourcecode.c.h; path = Dots_or_NotAppDelegate.h; sourceTree = "<group>"; };
		1D3623250D0F684500981E51 /* Dots_or_NotAppDelegate.m */ = {isa = PBXFileReference; fileEncoding = 4; lastKnownFileType = sourcecode.c.objc; path = Dots_or_NotAppDelegate.m; sourceTree = "<group>"; };
		1D6058910D05DD3D006BFB54 /* Dots or Not.app */ = {isa = PBXFileReference; explicitFileType = wrapper.application; includeInIndex = 0; path = "Dots or Not.app"; sourceTree = BUILT_PRODUCTS_DIR; };
		1DF5F4DF0D08C38300B7A737 /* UIKit.framework */ = {isa = PBXFileReference; lastKnownFileType = wrapper.framework; name = UIKit.framework; path = System/Library/Frameworks/UIKit.framework; sourceTree = SDKROOT; };
		288765A40DF7441C002DB57D /* CoreGraphics.framework */ = {isa = PBXFileReference; lastKnownFileType = wrapper.framework; name = CoreGraphics.framework; path = System/Library/Frameworks/CoreGraphics.framework; sourceTree = SDKROOT; };
		2899E5210DE3E06400AC0155 /* Dots_or_NotViewController.xib */ = {isa = PBXFileReference; lastKnownFileType = file.xib; path = Dots_or_NotViewController.xib; sourceTree = "<group>"; };
		28AD733E0D9D9553002E5188 /* MainWindow.xib */ = {isa = PBXFileReference; lastKnownFileType = file.xib; path = MainWindow.xib; sourceTree = "<group>"; };
		28D7ACF60DDB3853001CB0EB /* Dots_or_NotViewController.h */ = {isa = PBXFileReference; fileEncoding = 4; lastKnownFileType = sourcecode.c.h; path = Dots_or_NotViewController.h; sourceTree = "<group>"; };
		28D7ACF70DDB3853001CB0EB /* Dots_or_NotViewController.m */ = {isa = PBXFileReference; fileEncoding = 4; lastKnownFileType = sourcecode.c.objc; path = Dots_or_NotViewController.m; sourceTree = "<group>"; };
		29B97316FDCFA39411CA2CEA /* main.m */ = {isa = PBXFileReference; fileEncoding = 4; lastKnownFileType = sourcecode.c.objc; path = main.m; sourceTree = "<group>"; };
		32CA4F630368D1EE00C91783 /* Dots_or_Not_Prefix.pch */ = {isa = PBXFileReference; fileEncoding = 4; lastKnownFileType = sourcecode.c.h; path = Dots_or_Not_Prefix.pch; sourceTree = "<group>"; };
		8D1107310486CEB800E47090 /* Dots_or_Not-Info.plist */ = {isa = PBXFileReference; fileEncoding = 4; lastKnownFileType = text.plist.xml; path = "Dots_or_Not-Info.plist"; plistStructureDefinitionIdentifier = "com.apple.xcode.plist.structure-definition.iphone.info-plist"; sourceTree = "<group>"; };
		CF8B97CC11EA59FB0028634B /* Icon.png */ = {isa = PBXFileReference; lastKnownFileType = image.png; path = Icon.png; sourceTree = "<group>"; };
		CFB0D1B711EA470F00FB0352 /* dot1.png */ = {isa = PBXFileReference; lastKnownFileType = image.png; path = dot1.png; sourceTree = "<group>"; };
		CFB0D1B811EA470F00FB0352 /* dot2.png */ = {isa = PBXFileReference; lastKnownFileType = image.png; path = dot2.png; sourceTree = "<group>"; };
		CFB0D1B911EA470F00FB0352 /* dot3.png */ = {isa = PBXFileReference; lastKnownFileType = image.png; path = dot3.png; sourceTree = "<group>"; };
		CFB0D1BA11EA470F00FB0352 /* dot4.png */ = {isa = PBXFileReference; lastKnownFileType = image.png; path = dot4.png; sourceTree = "<group>"; };
		CFB0D1BB11EA470F00FB0352 /* dot5.png */ = {isa = PBXFileReference; lastKnownFileType = image.png; path = dot5.png; sourceTree = "<group>"; };
		CFB0D1BC11EA470F00FB0352 /* dot6.png */ = {isa = PBXFileReference; lastKnownFileType = image.png; path = dot6.png; sourceTree = "<group>"; };
		CFB0D1BD11EA470F00FB0352 /* dot7.png */ = {isa = PBXFileReference; lastKnownFileType = image.png; path = dot7.png; sourceTree = "<group>"; };
		CFB0D1BE11EA470F00FB0352 /* dot8.png */ = {isa = PBXFileReference; lastKnownFileType = image.png; path = dot8.png; sourceTree = "<group>"; };
		CFB0D1BF11EA470F00FB0352 /* dot9.png */ = {isa = PBXFileReference; lastKnownFileType = image.png; path = dot9.png; sourceTree = "<group>"; };
		CFB0D1C011EA470F00FB0352 /* dot10.png */ = {isa = PBXFileReference; lastKnownFileType = image.png; path = dot10.png; sourceTree = "<group>"; };
		CFB0D1C111EA470F00FB0352 /* dot11.png */ = {isa = PBXFileReference; lastKnownFileType = image.png; path = dot11.png; sourceTree = "<group>"; };
		CFB0D1C211EA470F00FB0352 /* dot12.png */ = {isa = PBXFileReference; lastKnownFileType = image.png; path = dot12.png; sourceTree = "<group>"; };
		CFB0D1C311EA470F00FB0352 /* dotD1.png */ = {isa = PBXFileReference; lastKnownFileType = image.png; path = dotD1.png; sourceTree = "<group>"; };
		CFB0D1C411EA470F00FB0352 /* dotD2.png */ = {isa = PBXFileReference; lastKnownFileType = image.png; path = dotD2.png; sourceTree = "<group>"; };
		CFB0D1C511EA470F00FB0352 /* dotD3.png */ = {isa = PBXFileReference; lastKnownFileType = image.png; path = dotD3.png; sourceTree = "<group>"; };
		CFB0D1C611EA470F00FB0352 /* dotD4.png */ = {isa = PBXFileReference; lastKnownFileType = image.png; path = dotD4.png; sourceTree = "<group>"; };
		CFB0D1C711EA470F00FB0352 /* dotD5.png */ = {isa = PBXFileReference; lastKnownFileType = image.png; path = dotD5.png; sourceTree = "<group>"; };
		CFB0D1C811EA470F00FB0352 /* dotD6.png */ = {isa = PBXFileReference; lastKnownFileType = image.png; path = dotD6.png; sourceTree = "<group>"; };
		CFB0D1C911EA470F00FB0352 /* dotD7.png */ = {isa = PBXFileReference; lastKnownFileType = image.png; path = dotD7.png; sourceTree = "<group>"; };
		CFB0D1CA11EA470F00FB0352 /* dotD8.png */ = {isa = PBXFileReference; lastKnownFileType = image.png; path = dotD8.png; sourceTree = "<group>"; };
		CFB0D1CB11EA470F00FB0352 /* dotD9.png */ = {isa = PBXFileReference; lastKnownFileType = image.png; path = dotD9.png; sourceTree = "<group>"; };
		CFB0D1CC11EA470F00FB0352 /* dotD10.png */ = {isa = PBXFileReference; lastKnownFileType = image.png; path = dotD10.png; sourceTree = "<group>"; };
		CFB0D1CD11EA470F00FB0352 /* dotD11.png */ = {isa = PBXFileReference; lastKnownFileType = image.png; path = dotD11.png; sourceTree = "<group>"; };
		CFB0D1CE11EA470F00FB0352 /* dotD12.png */ = {isa = PBXFileReference; lastKnownFileType = image.png; path = dotD12.png; sourceTree = "<group>"; };
		CFB0D1CF11EA470F00FB0352 /* dotL1.png */ = {isa = PBXFileReference; lastKnownFileType = image.png; path = dotL1.png; sourceTree = "<group>"; };
		CFB0D1D011EA470F00FB0352 /* dotL2.png */ = {isa = PBXFileReference; lastKnownFileType = image.png; path = dotL2.png; sourceTree = "<group>"; };
		CFB0D1D111EA470F00FB0352 /* dotL3.png */ = {isa = PBXFileReference; lastKnownFileType = image.png; path = dotL3.png; sourceTree = "<group>"; };
		CFB0D1D211EA470F00FB0352 /* dotL4.png */ = {isa = PBXFileReference; lastKnownFileType = image.png; path = dotL4.png; sourceTree = "<group>"; };
		CFB0D1D311EA470F00FB0352 /* dotL5.png */ = {isa = PBXFileReference; lastKnownFileType = image.png; path = dotL5.png; sourceTree = "<group>"; };
		CFB0D1D411EA470F00FB0352 /* dotL6.png */ = {isa = PBXFileReference; lastKnownFileType = image.png; path = dotL6.png; sourceTree = "<group>"; };
		CFB0D1D511EA470F00FB0352 /* dotL7.png */ = {isa = PBXFileReference; lastKnownFileType = image.png; path = dotL7.png; sourceTree = "<group>"; };
		CFB0D1D611EA470F00FB0352 /* dotL8.png */ = {isa = PBXFileReference; lastKnownFileType = image.png; path = dotL8.png; sourceTree = "<group>"; };
		CFB0D1D711EA470F00FB0352 /* dotL9.png */ = {isa = PBXFileReference; lastKnownFileType = image.png; path = dotL9.png; sourceTree = "<group>"; };
		CFB0D1D811EA470F00FB0352 /* dotL10.png */ = {isa = PBXFileReference; lastKnownFileType = image.png; path = dotL10.png; sourceTree = "<group>"; };
		CFB0D1D911EA470F00FB0352 /* dotL11.png */ = {isa = PBXFileReference; lastKnownFileType = image.png; path = dotL11.png; sourceTree = "<group>"; };
		CFB0D1DA11EA470F00FB0352 /* dotL12.png */ = {isa = PBXFileReference; lastKnownFileType = image.png; path = dotL12.png; sourceTree = "<group>"; };
/* End PBXFileReference section */

/* Begin PBXFrameworksBuildPhase section */
		1D60588F0D05DD3D006BFB54 /* Frameworks */ = {
			isa = PBXFrameworksBuildPhase;
			buildActionMask = 2147483647;
			files = (
				1D60589F0D05DD5A006BFB54 /* Foundation.framework in Frameworks */,
				1DF5F4E00D08C38300B7A737 /* UIKit.framework in Frameworks */,
				288765A50DF7441C002DB57D /* CoreGraphics.framework in Frameworks */,
			);
			runOnlyForDeploymentPostprocessing = 0;
		};
/* End PBXFrameworksBuildPhase section */

/* Begin PBXGroup section */
		080E96DDFE201D6D7F000001 /* Classes */ = {
			isa = PBXGroup;
			children = (
				1D3623240D0F684500981E51 /* Dots_or_NotAppDelegate.h */,
				1D3623250D0F684500981E51 /* Dots_or_NotAppDelegate.m */,
				28D7ACF60DDB3853001CB0EB /* Dots_or_NotViewController.h */,
				28D7ACF70DDB3853001CB0EB /* Dots_or_NotViewController.m */,
			);
			path = Classes;
			sourceTree = "<group>";
		};
		19C28FACFE9D520D11CA2CBB /* Products */ = {
			isa = PBXGroup;
			children = (
				1D6058910D05DD3D006BFB54 /* Dots or Not.app */,
			);
			name = Products;
			sourceTree = "<group>";
		};
		29B97314FDCFA39411CA2CEA /* CustomTemplate */ = {
			isa = PBXGroup;
			children = (
				080E96DDFE201D6D7F000001 /* Classes */,
				29B97315FDCFA39411CA2CEA /* Other Sources */,
				29B97317FDCFA39411CA2CEA /* Resources */,
				29B97323FDCFA39411CA2CEA /* Frameworks */,
				19C28FACFE9D520D11CA2CBB /* Products */,
			);
			name = CustomTemplate;
			sourceTree = "<group>";
		};
		29B97315FDCFA39411CA2CEA /* Other Sources */ = {
			isa = PBXGroup;
			children = (
				32CA4F630368D1EE00C91783 /* Dots_or_Not_Prefix.pch */,
				29B97316FDCFA39411CA2CEA /* main.m */,
			);
			name = "Other Sources";
			sourceTree = "<group>";
		};
		29B97317FDCFA39411CA2CEA /* Resources */ = {
			isa = PBXGroup;
			children = (
				CF8B97CC11EA59FB0028634B /* Icon.png */,
				CFB0D1B711EA470F00FB0352 /* dot1.png */,
				CFB0D1B811EA470F00FB0352 /* dot2.png */,
				CFB0D1B911EA470F00FB0352 /* dot3.png */,
				CFB0D1BA11EA470F00FB0352 /* dot4.png */,
				CFB0D1BB11EA470F00FB0352 /* dot5.png */,
				CFB0D1BC11EA470F00FB0352 /* dot6.png */,
				CFB0D1BD11EA470F00FB0352 /* dot7.png */,
				CFB0D1BE11EA470F00FB0352 /* dot8.png */,
				CFB0D1BF11EA470F00FB0352 /* dot9.png */,
				CFB0D1C011EA470F00FB0352 /* dot10.png */,
				CFB0D1C111EA470F00FB0352 /* dot11.png */,
				CFB0D1C211EA470F00FB0352 /* dot12.png */,
				CFB0D1C311EA470F00FB0352 /* dotD1.png */,
				CFB0D1C411EA470F00FB0352 /* dotD2.png */,
				CFB0D1C511EA470F00FB0352 /* dotD3.png */,
				CFB0D1C611EA470F00FB0352 /* dotD4.png */,
				CFB0D1C711EA470F00FB0352 /* dotD5.png */,
				CFB0D1C811EA470F00FB0352 /* dotD6.png */,
				CFB0D1C911EA470F00FB0352 /* dotD7.png */,
				CFB0D1CA11EA470F00FB0352 /* dotD8.png */,
				CFB0D1CB11EA470F00FB0352 /* dotD9.png */,
				CFB0D1CC11EA470F00FB0352 /* dotD10.png */,
				CFB0D1CD11EA470F00FB0352 /* dotD11.png */,
				CFB0D1CE11EA470F00FB0352 /* dotD12.png */,
				CFB0D1CF11EA470F00FB0352 /* dotL1.png */,
				CFB0D1D011EA470F00FB0352 /* dotL2.png */,
				CFB0D1D111EA470F00FB0352 /* dotL3.png */,
				CFB0D1D211EA470F00FB0352 /* dotL4.png */,
				CFB0D1D311EA470F00FB0352 /* dotL5.png */,
				CFB0D1D411EA470F00FB0352 /* dotL6.png */,
				CFB0D1D511EA470F00FB0352 /* dotL7.png */,
				CFB0D1D611EA470F00FB0352 /* dotL8.png */,
				CFB0D1D711EA470F00FB0352 /* dotL9.png */,
				CFB0D1D811EA470F00FB0352 /* dotL10.png */,
				CFB0D1D911EA470F00FB0352 /* dotL11.png */,
				CFB0D1DA11EA470F00FB0352 /* dotL12.png */,
				2899E5210DE3E06400AC0155 /* Dots_or_NotViewController.xib */,
				28AD733E0D9D9553002E5188 /* MainWindow.xib */,
				8D1107310486CEB800E47090 /* Dots_or_Not-Info.plist */,
			);
			name = Resources;
			sourceTree = "<group>";
		};
		29B97323FDCFA39411CA2CEA /* Frameworks */ = {
			isa = PBXGroup;
			children = (
				1DF5F4DF0D08C38300B7A737 /* UIKit.framework */,
				1D30AB110D05D00D00671497 /* Foundation.framework */,
				288765A40DF7441C002DB57D /* CoreGraphics.framework */,
			);
			name = Frameworks;
			sourceTree = "<group>";
		};
/* End PBXGroup section */

/* Begin PBXNativeTarget section */
		1D6058900D05DD3D006BFB54 /* Dots or Not */ = {
			isa = PBXNativeTarget;
			buildConfigurationList = 1D6058960D05DD3E006BFB54 /* Build configuration list for PBXNativeTarget "Dots or Not" */;
			buildPhases = (
				1D60588D0D05DD3D006BFB54 /* Resources */,
				1D60588E0D05DD3D006BFB54 /* Sources */,
				1D60588F0D05DD3D006BFB54 /* Frameworks */,
			);
			buildRules = (
			);
			dependencies = (
			);
			name = "Dots or Not";
			productName = "Dots or Not";
			productReference = 1D6058910D05DD3D006BFB54 /* Dots or Not.app */;
			productType = "com.apple.product-type.application";
		};
/* End PBXNativeTarget section */

/* Begin PBXProject section */
		29B97313FDCFA39411CA2CEA /* Project object */ = {
			isa = PBXProject;
			buildConfigurationList = C01FCF4E08A954540054247B /* Build configuration list for PBXProject "Dots or Not" */;
			compatibilityVersion = "Xcode 3.1";
			hasScannedForEncodings = 1;
			mainGroup = 29B97314FDCFA39411CA2CEA /* CustomTemplate */;
			projectDirPath = "";
			projectRoot = "";
			targets = (
				1D6058900D05DD3D006BFB54 /* Dots or Not */,
			);
		};
/* End PBXProject section */

/* Begin PBXResourcesBuildPhase section */
		1D60588D0D05DD3D006BFB54 /* Resources */ = {
			isa = PBXResourcesBuildPhase;
			buildActionMask = 2147483647;
			files = (
				28AD733F0D9D9553002E5188 /* MainWindow.xib in Resources */,
				2899E5220DE3E06400AC0155 /* Dots_or_NotViewController.xib in Resources */,
				CFB0D1DB11EA470F00FB0352 /* dot1.png in Resources */,
				CFB0D1DC11EA470F00FB0352 /* dot2.png in Resources */,
				CFB0D1DD11EA470F00FB0352 /* dot3.png in Resources */,
				CFB0D1DE11EA470F00FB0352 /* dot4.png in Resources */,
				CFB0D1DF11EA470F00FB0352 /* dot5.png in Resources */,
				CFB0D1E011EA470F00FB0352 /* dot6.png in Resources */,
				CFB0D1E111EA470F00FB0352 /* dot7.png in Resources */,
				CFB0D1E211EA470F00FB0352 /* dot8.png in Resources */,
				CFB0D1E311EA470F00FB0352 /* dot9.png in Resources */,
				CFB0D1E411EA470F00FB0352 /* dot10.png in Resources */,
				CFB0D1E511EA470F00FB0352 /* dot11.png in Resources */,
				CFB0D1E611EA470F00FB0352 /* dot12.png in Resources */,
				CFB0D1E711EA470F00FB0352 /* dotD1.png in Resources */,
				CFB0D1E811EA470F00FB0352 /* dotD2.png in Resources */,
				CFB0D1E911EA470F00FB0352 /* dotD3.png in Resources */,
				CFB0D1EA11EA470F00FB0352 /* dotD4.png in Resources */,
				CFB0D1EB11EA470F00FB0352 /* dotD5.png in Resources */,
				CFB0D1EC11EA470F00FB0352 /* dotD6.png in Resources */,
				CFB0D1ED11EA470F00FB0352 /* dotD7.png in Resources */,
				CFB0D1EE11EA470F00FB0352 /* dotD8.png in Resources */,
				CFB0D1EF11EA470F00FB0352 /* dotD9.png in Resources */,
				CFB0D1F011EA470F00FB0352 /* dotD10.png in Resources */,
				CFB0D1F111EA470F00FB0352 /* dotD11.png in Resources */,
				CFB0D1F211EA470F00FB0352 /* dotD12.png in Resources */,
				CFB0D1F311EA470F00FB0352 /* dotL1.png in Resources */,
				CFB0D1F411EA470F00FB0352 /* dotL2.png in Resources */,
				CFB0D1F511EA470F00FB0352 /* dotL3.png in Resources */,
				CFB0D1F611EA470F00FB0352 /* dotL4.png in Resources */,
				CFB0D1F711EA470F00FB0352 /* dotL5.png in Resources */,
				CFB0D1F811EA470F00FB0352 /* dotL6.png in Resources */,
				CFB0D1F911EA470F00FB0352 /* dotL7.png in Resources */,
				CFB0D1FA11EA470F00FB0352 /* dotL8.png in Resources */,
				CFB0D1FB11EA470F00FB0352 /* dotL9.png in Resources */,
				CFB0D1FC11EA470F00FB0352 /* dotL10.png in Resources */,
				CFB0D1FD11EA470F00FB0352 /* dotL11.png in Resources */,
				CFB0D1FE11EA470F00FB0352 /* dotL12.png in Resources */,
				CF8B97CD11EA59FB0028634B /* Icon.png in Resources */,
			);
			runOnlyForDeploymentPostprocessing = 0;
		};
/* End PBXResourcesBuildPhase section */

/* Begin PBXSourcesBuildPhase section */
		1D60588E0D05DD3D006BFB54 /* Sources */ = {
			isa = PBXSourcesBuildPhase;
			buildActionMask = 2147483647;
			files = (
				1D60589B0D05DD56006BFB54 /* main.m in Sources */,
				1D3623260D0F684500981E51 /* Dots_or_NotAppDelegate.m in Sources */,
				28D7ACF80DDB3853001CB0EB /* Dots_or_NotViewController.m in Sources */,
			);
			runOnlyForDeploymentPostprocessing = 0;
		};
/* End PBXSourcesBuildPhase section */

/* Begin XCBuildConfiguration section */
		1D6058940D05DD3E006BFB54 /* Debug */ = {
			isa = XCBuildConfiguration;
			buildSettings = {
				ALWAYS_SEARCH_USER_PATHS = NO;
				COPY_PHASE_STRIP = NO;
				GCC_DYNAMIC_NO_PIC = NO;
				GCC_OPTIMIZATION_LEVEL = 0;
				GCC_PRECOMPILE_PREFIX_HEADER = YES;
				GCC_PREFIX_HEADER = Dots_or_Not_Prefix.pch;
				INFOPLIST_FILE = "Dots_or_Not-Info.plist";
				PRODUCT_NAME = "Dots or Not";
			};
			name = Debug;
		};
		1D6058950D05DD3E006BFB54 /* Release */ = {
			isa = XCBuildConfiguration;
			buildSettings = {
				ALWAYS_SEARCH_USER_PATHS = NO;
				COPY_PHASE_STRIP = YES;
				GCC_PRECOMPILE_PREFIX_HEADER = YES;
				GCC_PREFIX_HEADER = Dots_or_Not_Prefix.pch;
				INFOPLIST_FILE = "Dots_or_Not-Info.plist";
				PRODUCT_NAME = "Dots or Not";
			};
			name = Release;
		};
		C01FCF4F08A954540054247B /* Debug */ = {
			isa = XCBuildConfiguration;
			buildSettings = {
				ARCHS = "$(ARCHS_STANDARD_32_BIT)";
				"CODE_SIGN_IDENTITY[sdk=iphoneos*]" = "iPhone Developer";
				GCC_C_LANGUAGE_STANDARD = c99;
				GCC_WARN_ABOUT_RETURN_TYPE = YES;
				GCC_WARN_UNUSED_VARIABLE = YES;
				PREBINDING = NO;
				SDKROOT = iphoneos3.1.3;
			};
			name = Debug;
		};
		C01FCF5008A954540054247B /* Release */ = {
			isa = XCBuildConfiguration;
			buildSettings = {
				ARCHS = "$(ARCHS_STANDARD_32_BIT)";
				"CODE_SIGN_IDENTITY[sdk=iphoneos*]" = "iPhone Developer";
				GCC_C_LANGUAGE_STANDARD = c99;
				GCC_WARN_ABOUT_RETURN_TYPE = YES;
				GCC_WARN_UNUSED_VARIABLE = YES;
				PREBINDING = NO;
				SDKROOT = iphoneos3.1.3;
			};
			name = Release;
		};
		CF8B97C811EA596C0028634B /* Distribution */ = {
			isa = XCBuildConfiguration;
			buildSettings = {
				ARCHS = "$(ARCHS_STANDARD_32_BIT)";
				"CODE_SIGN_IDENTITY[sdk=iphoneos*]" = "iPhone Developer";
				GCC_C_LANGUAGE_STANDARD = c99;
				GCC_WARN_ABOUT_RETURN_TYPE = YES;
				GCC_WARN_UNUSED_VARIABLE = YES;
				PREBINDING = NO;
				SDKROOT = iphoneos3.1.3;
			};
			name = Distribution;
		};
		CF8B97C911EA596C0028634B /* Distribution */ = {
			isa = XCBuildConfiguration;
			buildSettings = {
				ALWAYS_SEARCH_USER_PATHS = NO;
				"CODE_SIGN_IDENTITY[sdk=iphoneos*]" = "iPhone Distribution: Tony Florida";
				COPY_PHASE_STRIP = YES;
				GCC_PRECOMPILE_PREFIX_HEADER = YES;
				GCC_PREFIX_HEADER = Dots_or_Not_Prefix.pch;
				INFOPLIST_FILE = "Dots_or_Not-Info.plist";
				PRODUCT_NAME = "Dots or Not";
				"PROVISIONING_PROFILE[sdk=iphoneos*]" = "72D38526-A1FF-446E-9F3F-F251375AE51B";
			};
			name = Distribution;
		};
/* End XCBuildConfiguration section */

/* Begin XCConfigurationList section */
		1D6058960D05DD3E006BFB54 /* Build configuration list for PBXNativeTarget "Dots or Not" */ = {
			isa = XCConfigurationList;
			buildConfigurations = (
				1D6058940D05DD3E006BFB54 /* Debug */,
				1D6058950D05DD3E006BFB54 /* Release */,
				CF8B97C911EA596C0028634B /* Distribution */,
			);
			defaultConfigurationIsVisible = 0;
			defaultConfigurationName = Release;
		};
		C01FCF4E08A954540054247B /* Build configuration list for PBXProject "Dots or Not" */ = {
			isa = XCConfigurationList;
			buildConfigurations = (
				C01FCF4F08A954540054247B /* Debug */,
				C01FCF5008A954540054247B /* Release */,
				CF8B97C811EA596C0028634B /* Distribution */,
			);
			defaultConfigurationIsVisible = 0;
			defaultConfigurationName = Release;
		};
/* End XCConfigurationList section */
	};
	rootObject = 29B97313FDCFA39411CA2CEA /* Project object */;
}
